
Microsoft Visual Studio Solution File, Format Version 12.00
# Visual Studio 15
VisualStudioVersion = 15.0.27130.2026
MinimumVisualStudioVersion = 10.0.40219.1
Project("{FAE04EC0-301F-11D3-BF4B-00C04F79EFBC}") = "EmpleoJIC", "EmpleoJIC\EmpleoJIC.csproj", "{73B844DE-3BC1-4C1D-A528-52AAE6A74B17}"
EndProject
Project("{FAE04EC0-301F-11D3-BF4B-00C04F79EFBC}") = "EmpleoJIC.Tests", "EmpleoJIC.Tests\EmpleoJIC.Tests.csproj", "{9DD1D533-9706-464F-A351-F7C59EEBE3B7}"
EndProject
Global
	GlobalSection(SolutionConfigurationPlatforms) = preSolution
		Debug|Any CPU = Debug|Any CPU
		Release|Any CPU = Release|Any CPU
	EndGlobalSection
	GlobalSection(ProjectConfigurationPlatforms) = postSolution
		{73B844DE-3BC1-4C1D-A528-52AAE6A74B17}.Debug|Any CPU.ActiveCfg = Debug|Any CPU
		{73B844DE-3BC1-4C1D-A528-52AAE6A74B17}.Debug|Any CPU.Build.0 = Debug|Any CPU
		{73B844DE-3BC1-4C1D-A528-52AAE6A74B17}.Release|Any CPU.ActiveCfg = Release|Any CPU
		{73B844DE-3BC1-4C1D-A528-52AAE6A74B17}.Release|Any CPU.Build.0 = Release|Any CPU
		{9DD1D533-9706-464F-A351-F7C59EEBE3B7}.Debug|Any CPU.ActiveCfg = Debug|Any CPU
		{9DD1D533-9706-464F-A351-F7C59EEBE3B7}.Debug|Any CPU.Build.0 = Debug|Any CPU
		{9DD1D533-9706-464F-A351-F7C59EEBE3B7}.Release|Any CPU.ActiveCfg = Release|Any CPU
		{9DD1D533-9706-464F-A351-F7C59EEBE3B7}.Release|Any CPU.Build.0 = Release|Any CPU
	EndGlobalSection
	GlobalSection(SolutionProperties) = preSolution
		HideSolutionNode = FALSE
	EndGlobalSection
	GlobalSection(ExtensibilityGlobals) = postSolution
		SolutionGuid = {E5813F8D-BD53-42A4-B354-49B27928BD46}
	EndGlobalSection
EndGlobal
